Microsoft Visual Studio Solution File, Format Version 12.00
# Visual Studio Version 17
VisualStudioVersion = 17.5.2.0
MinimumVisualStudioVersion = 10.0.40219.1
Project("{FAE04EC0-301F-11D3-BF4B-00C04F79EFBC}") = "Tuples", "Tuples\Tuples.csproj", "{53CD60D9-E7A5-0808-7975-C79B343B5D98}"
EndProject
Global
	GlobalSection(SolutionConfigurationPlatforms) = preSolution
		Debug|Any CPU = Debug|Any CPU
		Release|Any CPU = Release|Any CPU
	EndGlobalSection
	GlobalSection(ProjectConfigurationPlatforms) = postSolution
		{53CD60D9-E7A5-0808-7975-C79B343B5D98}.Debug|Any CPU.ActiveCfg = Debug|Any CPU
		{53CD60D9-E7A5-0808-7975-C79B343B5D98}.Debug|Any CPU.Build.0 = Debug|Any CPU
		{53CD60D9-E7A5-0808-7975-C79B343B5D98}.Release|Any CPU.ActiveCfg = Release|Any CPU
		{53CD60D9-E7A5-0808-7975-C79B343B5D98}.Release|Any CPU.Build.0 = Release|Any CPU
	EndGlobalSection
	GlobalSection(SolutionProperties) = preSolution
		HideSolutionNode = FALSE
	EndGlobalSection
	GlobalSection(ExtensibilityGlobals) = postSolution
		SolutionGuid = {66BCBFD7-83D4-4950-99DC-EC5F48B6E9CE}
	EndGlobalSection
EndGlobal
