Microsoft Visual Studio Solution File, Format Version 12.00
# Visual Studio Version 17
VisualStudioVersion = 17.5.2.0
MinimumVisualStudioVersion = 10.0.40219.1
Project("{FAE04EC0-301F-11D3-BF4B-00C04F79EFBC}") = "enumMatch", "enumMatch.csproj", "{F722C098-0C50-88EA-BDF5-CC05C3DA40FB}"
EndProject
Global
	GlobalSection(SolutionConfigurationPlatforms) = preSolution
		Debug|Any CPU = Debug|Any CPU
		Release|Any CPU = Release|Any CPU
	EndGlobalSection
	GlobalSection(ProjectConfigurationPlatforms) = postSolution
		{F722C098-0C50-88EA-BDF5-CC05C3DA40FB}.Debug|Any CPU.ActiveCfg = Debug|Any CPU
		{F722C098-0C50-88EA-BDF5-CC05C3DA40FB}.Debug|Any CPU.Build.0 = Debug|Any CPU
		{F722C098-0C50-88EA-BDF5-CC05C3DA40FB}.Release|Any CPU.ActiveCfg = Release|Any CPU
		{F722C098-0C50-88EA-BDF5-CC05C3DA40FB}.Release|Any CPU.Build.0 = Release|Any CPU
	EndGlobalSection
	GlobalSection(SolutionProperties) = preSolution
		HideSolutionNode = FALSE
	EndGlobalSection
	GlobalSection(ExtensibilityGlobals) = postSolution
		SolutionGuid = {BA02BC80-21EE-44CD-A4E2-58F581012F2A}
	EndGlobalSection
EndGlobal
