Microsoft Visual Studio Solution File, Format Version 12.00
# Visual Studio Version 17
VisualStudioVersion = 17.5.2.0
MinimumVisualStudioVersion = 10.0.40219.1
Project("{FAE04EC0-301F-11D3-BF4B-00C04F79EFBC}") = "ifStatements", "ifStatements.csproj", "{35058DAB-DA29-32A0-36CE-17E48F587026}"
EndProject
Global
	GlobalSection(SolutionConfigurationPlatforms) = preSolution
		Debug|Any CPU = Debug|Any CPU
		Release|Any CPU = Release|Any CPU
	EndGlobalSection
	GlobalSection(ProjectConfigurationPlatforms) = postSolution
		{35058DAB-DA29-32A0-36CE-17E48F587026}.Debug|Any CPU.ActiveCfg = Debug|Any CPU
		{35058DAB-DA29-32A0-36CE-17E48F587026}.Debug|Any CPU.Build.0 = Debug|Any CPU
		{35058DAB-DA29-32A0-36CE-17E48F587026}.Release|Any CPU.ActiveCfg = Release|Any CPU
		{35058DAB-DA29-32A0-36CE-17E48F587026}.Release|Any CPU.Build.0 = Release|Any CPU
	EndGlobalSection
	GlobalSection(SolutionProperties) = preSolution
		HideSolutionNode = FALSE
	EndGlobalSection
	GlobalSection(ExtensibilityGlobals) = postSolution
		SolutionGuid = {6B96D4FF-8D78-4C63-B151-0674102C077C}
	EndGlobalSection
EndGlobal
