Microsoft Visual Studio Solution File, Format Version 12.00
# Visual Studio Version 17
VisualStudioVersion = 17.5.2.0
MinimumVisualStudioVersion = 10.0.40219.1
Project("{FAE04EC0-301F-11D3-BF4B-00C04F79EFBC}") = "otherListTypes", "otherListTypes.csproj", "{BB14D963-D2EA-E948-17B4-9EC55BD9C36D}"
EndProject
Global
	GlobalSection(SolutionConfigurationPlatforms) = preSolution
		Debug|Any CPU = Debug|Any CPU
		Release|Any CPU = Release|Any CPU
	EndGlobalSection
	GlobalSection(ProjectConfigurationPlatforms) = postSolution
		{BB14D963-D2EA-E948-17B4-9EC55BD9C36D}.Debug|Any CPU.ActiveCfg = Debug|Any CPU
		{BB14D963-D2EA-E948-17B4-9EC55BD9C36D}.Debug|Any CPU.Build.0 = Debug|Any CPU
		{BB14D963-D2EA-E948-17B4-9EC55BD9C36D}.Release|Any CPU.ActiveCfg = Release|Any CPU
		{BB14D963-D2EA-E948-17B4-9EC55BD9C36D}.Release|Any CPU.Build.0 = Release|Any CPU
	EndGlobalSection
	GlobalSection(SolutionProperties) = preSolution
		HideSolutionNode = FALSE
	EndGlobalSection
	GlobalSection(ExtensibilityGlobals) = postSolution
		SolutionGuid = {8CCABA49-4BCE-4A88-BAF9-61BB85E13F2F}
	EndGlobalSection
EndGlobal
