Microsoft Visual Studio Solution File, Format Version 12.00
# Visual Studio Version 17
VisualStudioVersion = 17.5.2.0
MinimumVisualStudioVersion = 10.0.40219.1
Project("{FAE04EC0-301F-11D3-BF4B-00C04F79EFBC}") = "operationsOrder", "operationsOrder.csproj", "{35F67645-8412-E620-4AC6-2A17BF456025}"
EndProject
Global
	GlobalSection(SolutionConfigurationPlatforms) = preSolution
		Debug|Any CPU = Debug|Any CPU
		Release|Any CPU = Release|Any CPU
	EndGlobalSection
	GlobalSection(ProjectConfigurationPlatforms) = postSolution
		{35F67645-8412-E620-4AC6-2A17BF456025}.Debug|Any CPU.ActiveCfg = Debug|Any CPU
		{35F67645-8412-E620-4AC6-2A17BF456025}.Debug|Any CPU.Build.0 = Debug|Any CPU
		{35F67645-8412-E620-4AC6-2A17BF456025}.Release|Any CPU.ActiveCfg = Release|Any CPU
		{35F67645-8412-E620-4AC6-2A17BF456025}.Release|Any CPU.Build.0 = Release|Any CPU
	EndGlobalSection
	GlobalSection(SolutionProperties) = preSolution
		HideSolutionNode = FALSE
	EndGlobalSection
	GlobalSection(ExtensibilityGlobals) = postSolution
		SolutionGuid = {5EE2BF7A-F16E-4600-9A31-C3F511BFBFD5}
	EndGlobalSection
EndGlobal
