Microsoft Visual Studio Solution File, Format Version 12.00
# Visual Studio Version 17
VisualStudioVersion = 17.5.2.0
MinimumVisualStudioVersion = 10.0.40219.1
Project("{FAE04EC0-301F-11D3-BF4B-00C04F79EFBC}") = "decimalType", "decimalType.csproj", "{FBDD8333-9ABF-8B15-5EA7-BD327B749F01}"
EndProject
Global
	GlobalSection(SolutionConfigurationPlatforms) = preSolution
		Debug|Any CPU = Debug|Any CPU
		Release|Any CPU = Release|Any CPU
	EndGlobalSection
	GlobalSection(ProjectConfigurationPlatforms) = postSolution
		{FBDD8333-9ABF-8B15-5EA7-BD327B749F01}.Debug|Any CPU.ActiveCfg = Debug|Any CPU
		{FBDD8333-9ABF-8B15-5EA7-BD327B749F01}.Debug|Any CPU.Build.0 = Debug|Any CPU
		{FBDD8333-9ABF-8B15-5EA7-BD327B749F01}.Release|Any CPU.ActiveCfg = Release|Any CPU
		{FBDD8333-9ABF-8B15-5EA7-BD327B749F01}.Release|Any CPU.Build.0 = Release|Any CPU
	EndGlobalSection
	GlobalSection(SolutionProperties) = preSolution
		HideSolutionNode = FALSE
	EndGlobalSection
	GlobalSection(ExtensibilityGlobals) = postSolution
		SolutionGuid = {527599F5-440A-447B-8628-4384EDA146C9}
	EndGlobalSection
EndGlobal
