Microsoft Visual Studio Solution File, Format Version 12.00
# Visual Studio Version 17
VisualStudioVersion = 17.5.2.0
MinimumVisualStudioVersion = 10.0.40219.1
Project("{FAE04EC0-301F-11D3-BF4B-00C04F79EFBC}") = "Replace", "Replace.csproj", "{8587FBEF-710C-5ADF-8B73-63F1A9F4707A}"
EndProject
Global
	GlobalSection(SolutionConfigurationPlatforms) = preSolution
		Debug|Any CPU = Debug|Any CPU
		Release|Any CPU = Release|Any CPU
	EndGlobalSection
	GlobalSection(ProjectConfigurationPlatforms) = postSolution
		{8587FBEF-710C-5ADF-8B73-63F1A9F4707A}.Debug|Any CPU.ActiveCfg = Debug|Any CPU
		{8587FBEF-710C-5ADF-8B73-63F1A9F4707A}.Debug|Any CPU.Build.0 = Debug|Any CPU
		{8587FBEF-710C-5ADF-8B73-63F1A9F4707A}.Release|Any CPU.ActiveCfg = Release|Any CPU
		{8587FBEF-710C-5ADF-8B73-63F1A9F4707A}.Release|Any CPU.Build.0 = Release|Any CPU
	EndGlobalSection
	GlobalSection(SolutionProperties) = preSolution
		HideSolutionNode = FALSE
	EndGlobalSection
	GlobalSection(ExtensibilityGlobals) = postSolution
		SolutionGuid = {1AC02CFB-7828-4068-B1AB-4027E8841684}
	EndGlobalSection
EndGlobal
