Microsoft Visual Studio Solution File, Format Version 12.00
# Visual Studio Version 17
VisualStudioVersion = 17.5.2.0
MinimumVisualStudioVersion = 10.0.40219.1
Project("{FAE04EC0-301F-11D3-BF4B-00C04F79EFBC}") = "Strings", "Strings\Strings.csproj", "{E2182184-E171-FD7F-C687-038C30658F96}"
EndProject
Global
	GlobalSection(SolutionConfigurationPlatforms) = preSolution
		Debug|Any CPU = Debug|Any CPU
		Release|Any CPU = Release|Any CPU
	EndGlobalSection
	GlobalSection(ProjectConfigurationPlatforms) = postSolution
		{E2182184-E171-FD7F-C687-038C30658F96}.Debug|Any CPU.ActiveCfg = Debug|Any CPU
		{E2182184-E171-FD7F-C687-038C30658F96}.Debug|Any CPU.Build.0 = Debug|Any CPU
		{E2182184-E171-FD7F-C687-038C30658F96}.Release|Any CPU.ActiveCfg = Release|Any CPU
		{E2182184-E171-FD7F-C687-038C30658F96}.Release|Any CPU.Build.0 = Release|Any CPU
	EndGlobalSection
	GlobalSection(SolutionProperties) = preSolution
		HideSolutionNode = FALSE
	EndGlobalSection
	GlobalSection(ExtensibilityGlobals) = postSolution
		SolutionGuid = {765C13A5-AEE5-4DB5-8549-2170E57EA0B5}
	EndGlobalSection
EndGlobal
